
Microsoft Visual Studio Solution File, Format Version 12.00
# Visual Studio Version 16
VisualStudioVersion = 16.0.28803.452
MinimumVisualStudioVersion = 10.0.40219.1
Project("{FAE04EC0-301F-11D3-BF4B-00C04F79EFBC}") = "ReverseProxyApplication", "ReverseProxyApplication\ReverseProxyApplication.csproj", "{ED8F452A-6BEC-41FB-8130-BD1291DF9F45}"
EndProject
Project("{FAE04EC0-301F-11D3-BF4B-00C04F79EFBC}") = "TestRawResponse", "TestRawResponse\TestRawResponse.csproj", "{534703E3-DE92-4F2F-BAA8-5E8D1C4224EF}"
EndProject
Global
	GlobalSection(SolutionConfigurationPlatforms) = preSolution
		Debug|Any CPU = Debug|Any CPU
		Release|Any CPU = Release|Any CPU
	EndGlobalSection
	GlobalSection(ProjectConfigurationPlatforms) = postSolution
		{ED8F452A-6BEC-41FB-8130-BD1291DF9F45}.Debug|Any CPU.ActiveCfg = Debug|Any CPU
		{ED8F452A-6BEC-41FB-8130-BD1291DF9F45}.Debug|Any CPU.Build.0 = Debug|Any CPU
		{ED8F452A-6BEC-41FB-8130-BD1291DF9F45}.Release|Any CPU.ActiveCfg = Release|Any CPU
		{ED8F452A-6BEC-41FB-8130-BD1291DF9F45}.Release|Any CPU.Build.0 = Release|Any CPU
		{534703E3-DE92-4F2F-BAA8-5E8D1C4224EF}.Debug|Any CPU.ActiveCfg = Debug|Any CPU
		{534703E3-DE92-4F2F-BAA8-5E8D1C4224EF}.Debug|Any CPU.Build.0 = Debug|Any CPU
		{534703E3-DE92-4F2F-BAA8-5E8D1C4224EF}.Release|Any CPU.ActiveCfg = Release|Any CPU
		{534703E3-DE92-4F2F-BAA8-5E8D1C4224EF}.Release|Any CPU.Build.0 = Release|Any CPU
	EndGlobalSection
	GlobalSection(SolutionProperties) = preSolution
		HideSolutionNode = FALSE
	EndGlobalSection
	GlobalSection(ExtensibilityGlobals) = postSolution
		SolutionGuid = {F9E29D85-F9E7-49B0-976B-6497E9F55F40}
	EndGlobalSection
EndGlobal
